
Microsoft Visual Studio Solution File, Format Version 12.00
# Visual Studio Version 17
VisualStudioVersion = 17.14.36429.23 d17.14
MinimumVisualStudioVersion = 10.0.40219.1
Project("{FAE04EC0-301F-11D3-BF4B-00C04F79EFBC}") = "DoMinhAnh_SE1884_A01_FE", "DoMinhAnh_SE1884_A01_FE.csproj", "{4DC2FB1C-97DB-4F0A-9A7F-A857AB829CEF}"
EndProject
Global
	GlobalSection(SolutionConfigurationPlatforms) = preSolution
		Debug|Any CPU = Debug|Any CPU
		Release|Any CPU = Release|Any CPU
	EndGlobalSection
	GlobalSection(ProjectConfigurationPlatforms) = postSolution
		{4DC2FB1C-97DB-4F0A-9A7F-A857AB829CEF}.Debug|Any CPU.ActiveCfg = Debug|Any CPU
		{4DC2FB1C-97DB-4F0A-9A7F-A857AB829CEF}.Debug|Any CPU.Build.0 = Debug|Any CPU
		{4DC2FB1C-97DB-4F0A-9A7F-A857AB829CEF}.Release|Any CPU.ActiveCfg = Release|Any CPU
		{4DC2FB1C-97DB-4F0A-9A7F-A857AB829CEF}.Release|Any CPU.Build.0 = Release|Any CPU
	EndGlobalSection
	GlobalSection(SolutionProperties) = preSolution
		HideSolutionNode = FALSE
	EndGlobalSection
	GlobalSection(ExtensibilityGlobals) = postSolution
		SolutionGuid = {B3ADD329-3C97-47DC-ACBB-357FC1282414}
	EndGlobalSection
EndGlobal
