
Microsoft Visual Studio Solution File, Format Version 12.00
# Visual Studio Version 17
VisualStudioVersion = 17.14.36429.23 d17.14
MinimumVisualStudioVersion = 10.0.40219.1
Project("{FAE04EC0-301F-11D3-BF4B-00C04F79EFBC}") = "AnalyticsAPI", "AnalyticsAPI.csproj", "{C0A44499-66AC-4960-B8E4-AB008BECA279}"
EndProject
Global
	GlobalSection(SolutionConfigurationPlatforms) = preSolution
		Debug|Any CPU = Debug|Any CPU
		Release|Any CPU = Release|Any CPU
	EndGlobalSection
	GlobalSection(ProjectConfigurationPlatforms) = postSolution
		{C0A44499-66AC-4960-B8E4-AB008BECA279}.Debug|Any CPU.ActiveCfg = Debug|Any CPU
		{C0A44499-66AC-4960-B8E4-AB008BECA279}.Debug|Any CPU.Build.0 = Debug|Any CPU
		{C0A44499-66AC-4960-B8E4-AB008BECA279}.Release|Any CPU.ActiveCfg = Release|Any CPU
		{C0A44499-66AC-4960-B8E4-AB008BECA279}.Release|Any CPU.Build.0 = Release|Any CPU
	EndGlobalSection
	GlobalSection(SolutionProperties) = preSolution
		HideSolutionNode = FALSE
	EndGlobalSection
	GlobalSection(ExtensibilityGlobals) = postSolution
		SolutionGuid = {3DD5C610-B517-47FD-A728-059574807BA9}
	EndGlobalSection
EndGlobal
